
Microsoft Visual Studio Solution File, Format Version 12.00
# Visual Studio Version 17
VisualStudioVersion = 17.8.34511.84
MinimumVisualStudioVersion = 10.0.40219.1
Project("{FAE04EC0-301F-11D3-BF4B-00C04F79EFBC}") = "CalendarV3", "CalendarV3.csproj", "{F46F3E86-38E5-4611-A638-F70C5E63EC46}"
EndProject
Global
	GlobalSection(SolutionConfigurationPlatforms) = preSolution
		Debug|Any CPU = Debug|Any CPU
		Release|Any CPU = Release|Any CPU
	EndGlobalSection
	GlobalSection(ProjectConfigurationPlatforms) = postSolution
		{F46F3E86-38E5-4611-A638-F70C5E63EC46}.Debug|Any CPU.ActiveCfg = Debug|Any CPU
		{F46F3E86-38E5-4611-A638-F70C5E63EC46}.Debug|Any CPU.Build.0 = Debug|Any CPU
		{F46F3E86-38E5-4611-A638-F70C5E63EC46}.Release|Any CPU.ActiveCfg = Release|Any CPU
		{F46F3E86-38E5-4611-A638-F70C5E63EC46}.Release|Any CPU.Build.0 = Release|Any CPU
	EndGlobalSection
	GlobalSection(SolutionProperties) = preSolution
		HideSolutionNode = FALSE
	EndGlobalSection
	GlobalSection(ExtensibilityGlobals) = postSolution
		SolutionGuid = {81D5441D-7E5D-422B-AD05-38A968FE5263}
	EndGlobalSection
EndGlobal
